
Microsoft Visual Studio Solution File, Format Version 12.00
# Visual Studio 15
VisualStudioVersion = 15.0.27703.2000
MinimumVisualStudioVersion = 10.0.40219.1
Project("{FAE04EC0-301F-11D3-BF4B-00C04F79EFBC}") = "ODPDotNetTest", "OracleDBTest\ODPDotNetTest.csproj", "{5878D6DA-D2D0-489D-B6EE-D794F1219249}"
EndProject
Global
	GlobalSection(SolutionConfigurationPlatforms) = preSolution
		Debug|Any CPU = Debug|Any CPU
		Release|Any CPU = Release|Any CPU
	EndGlobalSection
	GlobalSection(ProjectConfigurationPlatforms) = postSolution
		{5878D6DA-D2D0-489D-B6EE-D794F1219249}.Debug|Any CPU.ActiveCfg = Debug|Any CPU
		{5878D6DA-D2D0-489D-B6EE-D794F1219249}.Debug|Any CPU.Build.0 = Debug|Any CPU
		{5878D6DA-D2D0-489D-B6EE-D794F1219249}.Release|Any CPU.ActiveCfg = Release|Any CPU
		{5878D6DA-D2D0-489D-B6EE-D794F1219249}.Release|Any CPU.Build.0 = Release|Any CPU
	EndGlobalSection
	GlobalSection(SolutionProperties) = preSolution
		HideSolutionNode = FALSE
	EndGlobalSection
	GlobalSection(ExtensibilityGlobals) = postSolution
		SolutionGuid = {EE82C016-8F83-48BF-9A7A-6D641ECBE01F}
	EndGlobalSection
EndGlobal
